lockVersion: 2.0.0
id: bc3e5faf-2bae-4a96-a7eb-f209651ac842
management:
  docVersion: 1.0.0
  speakeasyVersion: 1.791.0
  generationVersion: 2.924.0
  releaseVersion: 0.4.0
  repoURL: https://github.com/albusgroup/albus-typescript
  installationURL: https://github.com/albusgroup/albus-typescript
persistentEdits:
  generation_id: 06b77c0f-1f86-4544-bc7e-f970ea1e6ca4
  pristine_commit_hash: 104e7f87f1915d1b07ffebd502e80bd79a2a9043
  pristine_tree_hash: 8d393b0d1ea9b8af4bc45d4f56d5ffd60078fff0
features:
  typescript:
    additionalDependencies: 0.1.0
    constsAndDefaults: 0.1.14
    core: 3.31.4
    defaultEnabledRetries: 0.1.0
    enumUnions: 0.1.0
    envVarSecurityUsage: 0.1.2
    globalSecurity: 2.82.16
    globalSecurityCallbacks: 0.1.0
    globalServerURLs: 2.83.1
    methodArguments: 0.1.2
    responseFormat: 0.3.0
    retries: 2.83.1
    sdkHooks: 0.4.0
trackedFiles:
  .gitattributes:
    id: 24139dae6567
    last_write_checksum: sha1:26d16d8297b104945139da8c25bd38feeaad3e25
    pristine_git_object: 113eead5093c17d43a46159132885318f281a68a
  .npmignore:
    id: aa70c1f807c3
    last_write_checksum: sha1:6572da81f2e7a978ec29c22c2210bf461c5897b2
    pristine_git_object: 670ac0a62d7e568c9d44a14f5deafb8442a255d8
  .oxlintrc.json:
    id: 8b9b571b1983
    last_write_checksum: sha1:f14bd09c455fa2de0d94641369b7888d23ee62f2
    pristine_git_object: 6ee2921010070a544e252596defc55d501e1c1ae
  FUNCTIONS.md:
    id: 21b9df02aaeb
    last_write_checksum: sha1:0c5e1fb6b9f078b00d50477a899b524cfcaf1da9
    pristine_git_object: 37aa4eb6a1ebd0e22df35be4445d5d246a29f3b8
  RUNTIMES.md:
    id: 620c490847b6
    last_write_checksum: sha1:e45b854f02c357cbcfdb8c3663000e8339e16505
    pristine_git_object: 27731c3b5ace66bedc454ed5acbe15075aacd3dc
  USAGE.md:
    id: 3aed33ce6e6f
    last_write_checksum: sha1:c11e5bb5646646512975a3bc973cd5dd4f43bce2
    pristine_git_object: 690dd5eef33c38ff4e3fdcc6ace79b44c4dd54b6
  docs/lib/utils/retryconfig.md:
    id: 0ce9707cb848
    last_write_checksum: sha1:bc4454e196fcd219f5a78da690375a884f5ed07b
    pristine_git_object: 08f95f4552349360b2c0b01802aa71ec3a55d2c2
  docs/models/agent-config.md:
    id: ae3b84942f29
    last_write_checksum: sha1:778d92b92604c2a5dbdffdfeafcf1b2114f731f4
    pristine_git_object: 28ec45217eab592bafc3fe0cc8565f487f820d29
  docs/models/agent-meta.md:
    id: 7f1a50dd3751
    last_write_checksum: sha1:f64e9be794585e1010a678dad3ef9489d8582c19
    pristine_git_object: 6a60a451f8ae7513657f5e4ffb3dda7e80c9d5d0
  docs/models/agent-revision-meta.md:
    id: 741d613a29a9
    last_write_checksum: sha1:bc221c4d8e4b7189783ecd49bd137782c5fb96c7
    pristine_git_object: 31b13f10f4d6ad5840bfb2236fc61e4eacf972a4
  docs/models/agent-revision.md:
    id: 7dce7ea8b256
    last_write_checksum: sha1:a66c444006ced84a2fd2ab2eaa4489ef4efc8d54
    pristine_git_object: 00bfef03852e58dc33f64a9a162453b3588858cd
  docs/models/agent.md:
    id: ffdbb4c53c87
    last_write_checksum: sha1:e3444ff178f39ed9c25d172dc7da55324656ed9e
    pristine_git_object: 43a29e0f755106d820ebdf9de83106959cd30f35
  docs/models/audit-event.md:
    id: 2e72802d2e82
    last_write_checksum: sha1:fdfd3bf1d5d54d8bde24c11b836d7e8bd8c322f2
    pristine_git_object: 6384425cc306472b182c6b4363c9e33271ddc983
  docs/models/create-invite-request-role.md:
    id: 1324aaedb313
    last_write_checksum: sha1:ffda97f5aa3dd13d35b1a0fd3428f93c50443936
    pristine_git_object: c348eaff4c91f7aa411d41409fdc1e2ad19b972d
  docs/models/create-invite-request.md:
    id: 094ba8096d85
    last_write_checksum: sha1:11b4f1d062562d9b823eb14c3007e1131eaedd43
    pristine_git_object: 661614aa54b846cdfb579b38ab52bb02a8e650ef
  docs/models/create-secret-request.md:
    id: 8bd6fb2e7892
    last_write_checksum: sha1:bdf219db220671b24e0a6a293898269a9af03784
    pristine_git_object: 9ff1a855aacd9c55fca96020f4627433e84d2172
  docs/models/create-token-request.md:
    id: c3926d22d76a
    last_write_checksum: sha1:d9d777b40900a56d0f41d650649ffacc2e13c6ef
    pristine_git_object: 3328b9ed45fe3cf748ee81e567e8f996c018bb5f
  docs/models/create-token-response.md:
    id: "057301913336"
    last_write_checksum: sha1:81ee8dc178f0083b6cb8d4e284d5ff4d43d43e34
    pristine_git_object: 8af1c6e2297af95649bf0798beaf3b8770835cb3
  docs/models/errors/err-bad-request.md:
    id: a57cfd9354c0
    last_write_checksum: sha1:192be59a9a90979b900b111847733db9645e5998
    pristine_git_object: efd6b32a90526a0f6d0eb3e0e4fd109ed9610bac
  docs/models/errors/err-conflict.md:
    id: 584eb09cac6a
    last_write_checksum: sha1:e99246f4fb5a0e6712fb42adb0dabd7dfa4f716c
    pristine_git_object: 45138127981e91ac1f015a048fed1af605dd5da5
  docs/models/errors/err-locked.md:
    id: df88316eee3b
    last_write_checksum: sha1:cc992f1ae1c6aa0530fcfa301c28733b28c34884
    pristine_git_object: 1ce65442600d72a6f8a859879a141a1b043b25db
  docs/models/errors/err-not-found.md:
    id: ad5d642405bb
    last_write_checksum: sha1:8e3387f9e0242353aa90cf3d8161822bc606c2f9
    pristine_git_object: 9feb7cd3b4592b61d5dc2ff306f9c98595ae4350
  docs/models/errors/err-quota-exceeded.md:
    id: 2cddbb29ba14
    last_write_checksum: sha1:3f2ea756e4e3f6ced105c5d79ef6e68db64940db
    pristine_git_object: e51c3d64def9bed8b7a94dd858818687c89fe5a8
  docs/models/errors/err-run-failed.md:
    id: 007e68d77fdb
    last_write_checksum: sha1:0188d031929a567a2509273880b45cc388fe931e
    pristine_git_object: 130d7308099da1cedfed56cab3e00080eaf7644f
  docs/models/errors/err-timeout.md:
    id: 2fa7a61adb57
    last_write_checksum: sha1:1b750a2b6873da759333dc4f528260400491dde3
    pristine_git_object: b162228127819234cb9eff4a59820ba67ad70a73
  docs/models/errors/err-unauthorized.md:
    id: 99519018add5
    last_write_checksum: sha1:6f26986d96ae54304834133d05efba015511a6ff
    pristine_git_object: 78594fb6041ae61883b4de011b734f83c59dd819
  docs/models/errors/health-response-error.md:
    id: 05859b0967bf
    last_write_checksum: sha1:44e5156697417203541b290e133a49835ab716f5
    pristine_git_object: 65f8913dded682b007526a80a3f42f318b6e35b2
  docs/models/health-response.md:
    id: 76ea3fbe6d66
    last_write_checksum: sha1:f49e05352d99a5221d74871a3a4b7735591e349d
    pristine_git_object: efd0c7b62deaa2b20ddab691dbfed994de9f8c3f
  docs/models/invite.md:
    id: 404f57046fc0
    last_write_checksum: sha1:92cbd793051c38fb642b87c96f79f73879592c71
    pristine_git_object: d9edd8617517581caf39a675c44696438b4ace6c
  docs/models/list-agents-response.md:
    id: 5cc62d61957c
    last_write_checksum: sha1:066e5ba3c493e9b80cd46d700fc396448bf76cfd
    pristine_git_object: 350ee9d305cdcf9d48350a978bb35738d1e5a7d5
  docs/models/list-audit-events-response.md:
    id: 26e4d1b1ffa5
    last_write_checksum: sha1:4a8b5bb66600898bc18cd5014bfd147f9005d23a
    pristine_git_object: 7a6eda9ff47ffaeaf7fac0432a4e76d348045c1e
  docs/models/list-secrets-response.md:
    id: 3aad8b45552b
    last_write_checksum: sha1:e46a259917861f64f9419bec2b5ca8ec0e279886
    pristine_git_object: 5550d56f8e71a1181e7bad1fdebe12f4aa1fc1a7
  docs/models/list-sessions-response.md:
    id: e8c22841f5af
    last_write_checksum: sha1:71875861fbef7e92b9ea707af5ff872150ae24d8
    pristine_git_object: d9a0313a2a2fe40ef71b80570ee380d1282c1e51
  docs/models/list-tokens-response.md:
    id: 581347c6a4ba
    last_write_checksum: sha1:a8baa12b38d07d03e1adbbdd999547c4b57c5390
    pristine_git_object: 23a74c725924a0dd3e9d135713198c18f3ab76c8
  docs/models/mcp-server.md:
    id: 9dcbeaba18ad
    last_write_checksum: sha1:3e5557719dcf7a99ef2ca223b8402359c06cb52b
    pristine_git_object: 5b81b76c17de0ed67fb0cce130f2a1f5f19968ac
  docs/models/model.md:
    id: 66e0236ac289
    last_write_checksum: sha1:3b3fd951f3936a266dd4c1c870ad6541e20792f4
    pristine_git_object: dab512e3b6a63005a5d730114680c65f0b11d302
  docs/models/operations/delete-secret-request.md:
    id: 760d7ab46a3c
    last_write_checksum: sha1:015ca7b2ce5d357fa62ce74e5f540f45316ff3d7
    pristine_git_object: 16a2fb74f3894f610c22658f2e232feeae05f831
  docs/models/operations/delete-session-request.md:
    id: 0d22d36d6547
    last_write_checksum: sha1:5b017f0eaf4b40508725e36aebf8ed8150e966d1
    pristine_git_object: bafcc4bd35059a7a0a7c7c903e56c03e0d5dd5e8
  docs/models/operations/delete-token-request.md:
    id: 140b6d1cf975
    last_write_checksum: sha1:bfece5c18190f28ce711182dc1b14ce2ab4fe249
    pristine_git_object: bf1068a472a29757b367694b1848e917edf5b006
  docs/models/operations/get-agent-request.md:
    id: af3103df16a4
    last_write_checksum: sha1:1a30b6b42e74cb52eea7f956db8590e70293d60d
    pristine_git_object: 06050ef431002d7f4fc75b2d03c5954d016c6458
  docs/models/operations/get-agent-revision-request.md:
    id: 8940b148dc3b
    last_write_checksum: sha1:acdc59d958118779d07ec302bceb33559725924a
    pristine_git_object: 38fc8633a7edbe813c9bf7b1e2bf9a8eddb70436
  docs/models/operations/get-secret-request.md:
    id: b0da8822f2fc
    last_write_checksum: sha1:b687c2b03605dac45208129a358b0aabcfe1b765
    pristine_git_object: 7e3905dde0aec3fbe0e63e81c733813f9c4aed44
  docs/models/operations/get-session-audit-request.md:
    id: 6bbce515ea8f
    last_write_checksum: sha1:b4a33b8683ee7567f36bbde2d22ecef2b9570c28
    pristine_git_object: be9e6f2819f2c7706cfcbdf9813fce2ee0fe5fd7
  docs/models/operations/get-session-request.md:
    id: b9777b9a6aaf
    last_write_checksum: sha1:3b2757e3b45cf536959e9b133324580a56446cd1
    pristine_git_object: 2775cfa95817893bbb72ff1a5de58391368d6610
  docs/models/operations/get-token-request.md:
    id: 9e28d0c92516
    last_write_checksum: sha1:e23585c839534284a7f3125b403282b6e684e2dc
    pristine_git_object: 4213bb5f95739e313fb7b1d1eaa8743a0f3793d6
  docs/models/operations/run-session-request.md:
    id: fca111cab609
    last_write_checksum: sha1:48c420c729495e9ad3cdb564e0c596d4992a1c4b
    pristine_git_object: 564873cd0c03f4aac1ecff30e1a421fde3245ed8
  docs/models/operations/run-session-response.md:
    id: 5d5da136103f
    last_write_checksum: sha1:aba1538cbdfbfaeb0103255a7207a58ccaf511e0
    pristine_git_object: 5138f23df9f38c898a2b0bec01791c72bd609978
  docs/models/operations/update-secret-request.md:
    id: a87442a1752f
    last_write_checksum: sha1:ca440df131fe6bcef0ebe0c8d644fc72c8bb30c9
    pristine_git_object: 06bb1b76438b9c1318fa11bacecac9028c3a11fd
  docs/models/organization-membership.md:
    id: 205ddc16629e
    last_write_checksum: sha1:abce5f9169d875e1a0e7919cc4d9cf37827e2c01
    pristine_git_object: 300f3b70bc4399aadf56265d30cf5d2fa1eb6b41
  docs/models/provider.md:
    id: cedb2a98f8e3
    last_write_checksum: sha1:e750b23050805eb0001732d2a24b46b40a6550ef
    pristine_git_object: f32e3cdda75ff3cb8b536cae0ac608098d5b9bff
  docs/models/run-session-request.md:
    id: bf3f3cd76898
    last_write_checksum: sha1:4e00f2bd1fe78a9281bea028af1d3cadd85515e8
    pristine_git_object: 9c354edc81215c08383898b16437771a500d85e2
  docs/models/secret.md:
    id: a45b09642c40
    last_write_checksum: sha1:f0fd2109b614873aa796de2c2ff71bb3408d6214
    pristine_git_object: e1818287b32ac6cab63195caea021216ec98faa4
  docs/models/security.md:
    id: 452e4d4eb67a
    last_write_checksum: sha1:98d85d08f245d7fed23e40b0523413f4eac55186
    pristine_git_object: 1cf50750c323bf973a5a1a0a611a0d2288c44396
  docs/models/session-message-role.md:
    id: 1a87d0e9bb14
    last_write_checksum: sha1:3a028eed2a3bf839865483abfeda5a4d5b42e9fc
    pristine_git_object: d6498ed8fc8c693a3ad2b73c45080495d352fef0
  docs/models/session-message.md:
    id: 28ac4c6f9085
    last_write_checksum: sha1:99da30d59c42a27e214549491d8d3293f5ab83df
    pristine_git_object: 5403aaabba360377db123e8ece8574ba088a1182
  docs/models/session-response.md:
    id: b328c37a7c10
    last_write_checksum: sha1:b8de2ca05aa375cd0cc76e759770609902f78522
    pristine_git_object: 1f470b5705965eb85164158292551e0c43d87f9a
  docs/models/session.md:
    id: c7fb8cd2ec64
    last_write_checksum: sha1:adae7148c46c8aa4681c3e9850654ecb7a9de041
    pristine_git_object: 0624df94bf1e7fadf22be240149ff67ec7d98664
  docs/models/state.md:
    id: e560b4e72643
    last_write_checksum: sha1:454e467545dd051fa9c3905473cba7aa4af7ad8e
    pristine_git_object: f72cfddc6299b18956aec060b8bd68fe8bdf22c2
  docs/models/token.md:
    id: 46126814fa13
    last_write_checksum: sha1:756353a6ee78f0774309d0036f2e96b6ec117f5d
    pristine_git_object: 0ba85b99f65dbbd98d7b4ad050d8560d5f75445b
  docs/models/type.md:
    id: 98c32f09b2c8
    last_write_checksum: sha1:1de763c915240c42fad3b0482ec257192dea2c20
    pristine_git_object: c48b921f0705cc7ac2ac16b57b6923dceb94bb97
  docs/models/update-secret-request.md:
    id: c179b2e508c8
    last_write_checksum: sha1:f966c349ac62d808b1095ee8e8dab1a6474d94d9
    pristine_git_object: 0b5c0443348dd53b34575f49bc8a3794769d046e
  docs/models/whoami-response.md:
    id: dfec1b08cdd3
    last_write_checksum: sha1:d0ec54d9bf8951b9d14e2c505ce161a713c4d131
    pristine_git_object: ca3df2053488682438d00686552a079753215632
  docs/sdks/agents/README.md:
    id: 5965d8232fd8
    last_write_checksum: sha1:4ce7e981dbcbabba80c5ffd56d1aeb20e89c9d7a
    pristine_git_object: 4bf6920180fb0178db85d8e9960ef7a989387bad
  docs/sdks/auth/README.md:
    id: e9724f17945f
    last_write_checksum: sha1:9771fe8037dbcc654972388341810d3c225acd20
    pristine_git_object: f8de49d6349e4c33c90dc433f17c5528bf5650ba
  docs/sdks/health/README.md:
    id: 5082c50d5e82
    last_write_checksum: sha1:efebf9a68cada7f237c58d4ffcc06222808f3206
    pristine_git_object: 9d79e7b86b881cb1530df5ac495668f8a8d4038d
  docs/sdks/invites/README.md:
    id: 292e7df78f50
    last_write_checksum: sha1:5daa8b0c92eaa9bcfb4cca7ae15b2ffac4ad9ad5
    pristine_git_object: d9af593db953ef4f41b66516874db91c0e91070e
  docs/sdks/secrets/README.md:
    id: 856a082980a1
    last_write_checksum: sha1:cf19b6d62c30f83a39525bcd89afe4cc835b1d5d
    pristine_git_object: bc301e8007c45d9e4afda1ced509d700cb0b477c
  docs/sdks/sessions/README.md:
    id: 57ad62844f79
    last_write_checksum: sha1:4a4314303b4fb2b68d387d0f78417764ebac1c16
    pristine_git_object: 74e73ba324e680a28add6b65793d1d64b61730f8
  docs/sdks/tokens/README.md:
    id: ca61030eb3e5
    last_write_checksum: sha1:bfbf6b531fa5a9629500bd404e184b9db180cdcd
    pristine_git_object: abb6b7985b2b834578e7bb56ee2c2b723ab784f7
  examples/.env.template:
    id: 52cbe5afed92
    last_write_checksum: sha1:eac42019b630e3cb7e6b03a486367144d671e6e2
    pristine_git_object: 31addb07c253af230c522c406d0391c37aeceb44
  examples/README.md:
    id: 9d0f69d6e677
    last_write_checksum: sha1:238457ba1903ce7c2877fb69d53e7e38c6c94cc4
    pristine_git_object: 9e2d5d2dd2cc9f33900b5c3855189268ba63e569
  examples/package.json:
    id: c1d7b0ec8e7e
    last_write_checksum: sha1:7da9a728d84ead435f8051f768853b9f02de7ffe
    pristine_git_object: e99d47e61ae78f38c233b8c58865d026c5b889b6
  examples/secretsListSecrets.example.ts:
    id: 429931f08bd5
    last_write_checksum: sha1:11b5737946cb1f4601075bdbf3579451f5424b08
    pristine_git_object: 5887f505d8077412162f0437213e4ea07d68d7a8
  jsr.json:
    id: 7f6ab7767282
    last_write_checksum: sha1:605797058ddd36382d2fd7f6b61487c480a53179
    pristine_git_object: 99b2559f905c2625d7b77380e791c2c54cbba1d0
  package.json:
    id: 7030d0b2f71b
    last_write_checksum: sha1:371799c7bb9ece17ab75b850d192918f59e3c0c1
    pristine_git_object: 7583c9fe59572e8ad6aba5abce4faa74ca5728e0
  src/core.ts:
    id: f431fdbcd144
    last_write_checksum: sha1:5550b787a3b13b658cec1f8b17f6f633ba218412
    pristine_git_object: 2d806f3013aac5863f7b00df8ad1fe0d2a0cd558
  src/funcs/agents-get-agent-revision.ts:
    id: 43e175f5bb59
    last_write_checksum: sha1:19f2f5bbce9055172dd581d9413260a7357b1feb
    pristine_git_object: c5fc5aac0915e1644c805f1f40f0896bfffac4c3
  src/funcs/agents-get-agent.ts:
    id: 5c4412d8ef35
    last_write_checksum: sha1:e32cd7c4681554c242b2a7ea866b5dae132421bb
    pristine_git_object: 10850657671d651847324b36ce1cf766790826f6
  src/funcs/agents-list-agents.ts:
    id: 473b2d52e91e
    last_write_checksum: sha1:41d6847abe9bc18e473f8bf2187146605baf9813
    pristine_git_object: fdaf89a4eba9c5035ab960f76596f495858ec9ae
  src/funcs/auth-whoami.ts:
    id: f2e4a08946f5
    last_write_checksum: sha1:e833e4f91a7679f201d8c88bb3b7f76a111928e7
    pristine_git_object: d6f97d07a704a6258863b9fd50d7a0fd2c095663
  src/funcs/health-health.ts:
    id: a4ec67ebd92b
    last_write_checksum: sha1:c3718d4215c28486239be4752173b8438c97a1a2
    pristine_git_object: 91e32b3b372d59c7251518156b7454d0e0687c8c
  src/funcs/invites-create-invite.ts:
    id: 410aa5cb2402
    last_write_checksum: sha1:2c258fe6665d300428f64b4dc91b2e360623f63d
    pristine_git_object: bd82462aa7aed872a7d460079970b8db72ef721a
  src/funcs/secrets-create-secret.ts:
    id: 67e7145a8bfc
    last_write_checksum: sha1:ee9c18dcca8f62aaeb79889d7dd7cbbf9ed0fabc
    pristine_git_object: bc7d34b06b4fc85beae49aca787d88e14bc6e5d2
  src/funcs/secrets-delete-secret.ts:
    id: 3bddd421a64d
    last_write_checksum: sha1:b80ceb7f9526ce85e22cb9f112be988164f40935
    pristine_git_object: fdf3c728ee61ad863f594dfb99fa750911f84c84
  src/funcs/secrets-get-secret.ts:
    id: 735859090a53
    last_write_checksum: sha1:a355d360c830065c5dc38c621bb4a2c881f25c33
    pristine_git_object: 149cabdd046f48a44e0a136fabd501c94c562aa5
  src/funcs/secrets-list-secrets.ts:
    id: 7f8eef1a6e87
    last_write_checksum: sha1:6cdf499e0ee6af668ffc247a7f32f8362793bbb3
    pristine_git_object: 566806dd10236b81944ea9e43aa2d88479479a52
  src/funcs/secrets-update-secret.ts:
    id: d4f4ba689a7a
    last_write_checksum: sha1:e63b4d5a2211a1feaa95f8c418a0328bfe9efe43
    pristine_git_object: c6642a66ee14ee09548e5878417c09e72068f871
  src/funcs/sessions-delete-session.ts:
    id: 47307449a83e
    last_write_checksum: sha1:573036da6426838135f30fbf850e4674f0a8ac3e
    pristine_git_object: 31b5473a68c296d544e3e9088f0370d9bf4c197b
  src/funcs/sessions-get-session-audit.ts:
    id: 59a3199814ff
    last_write_checksum: sha1:4c275325218b9b1d648229a36b7f50eb3807d635
    pristine_git_object: d81c7270b2c9e68f20da852feb62d4c4d09ef382
  src/funcs/sessions-get-session.ts:
    id: 9cd8be8a4fe3
    last_write_checksum: sha1:7c0f3834707cd4b1f00504a4e842cca64f3e3f72
    pristine_git_object: 7b43e974cad84586662eaf5059aa74223c1a2750
  src/funcs/sessions-list-sessions.ts:
    id: cd15b5880ad7
    last_write_checksum: sha1:e39451fe4f3607692f1d91aee62df37fe80de975
    pristine_git_object: ea9aa62596e65075949bf3d3c3d6f0f492df6021
  src/funcs/sessions-run-session.ts:
    id: 98659918b0da
    last_write_checksum: sha1:f186ddfbe3309d77cb5159f3a9a6b32ee3deea0c
    pristine_git_object: 9c052169e042a9f7adb9654c155f341813073669
  src/funcs/tokens-create-token.ts:
    id: be6c2d707422
    last_write_checksum: sha1:989dc98157dfa69dc88aaeba8cc2c6a7b254711a
    pristine_git_object: 3a0fa2d72184ac860a0f7ee3ad539fb2e7eb4247
  src/funcs/tokens-delete-token.ts:
    id: 98d4f2a84f41
    last_write_checksum: sha1:a3bcf9e5a160d2716a8b0e227999b44630fb2221
    pristine_git_object: 0694ba5c49b9ae4ee5cd0059e12c5ae897d6cf86
  src/funcs/tokens-get-token.ts:
    id: dca220bd8bf7
    last_write_checksum: sha1:584c31e3449c87a1d8ae269807bc7dfc1eff15df
    pristine_git_object: 3ab7592dec9dde2578e504ac7e28b026e4b79d31
  src/funcs/tokens-list-tokens.ts:
    id: a611ae593ca5
    last_write_checksum: sha1:53e2feaee107676b2d5d00cbd6dc9c4c90af7965
    pristine_git_object: 34e7a49a59b5dbcb6dd419d9bb478b0f4bde621b
  src/hooks/hooks.ts:
    id: a2463fc6f69b
    last_write_checksum: sha1:7dd975bbcc46a32dd394f86a4652b74ecc70d874
    pristine_git_object: 7ed9e0445ac189e0f90687c6ef602212702bde90
  src/hooks/index.ts:
    id: 5f2dab62b520
    last_write_checksum: sha1:1a11c073a6cd792932218e1d4ed36b8567bad8ef
    pristine_git_object: f60ec7acd76141a71d78008c5a362eb0236d8335
  src/hooks/types.ts:
    id: 2a02d86ec24f
    last_write_checksum: sha1:8e6a1813e04a0a32009cb07e9772e4166658be1b
    pristine_git_object: a6aa5a25df8f60887455e4b54399fe07b7abe095
  src/index.ts:
    id: c5fb850250c7
    last_write_checksum: sha1:35c9cde3ae14b18b3f893a1afe8b6c44f8760f24
    pristine_git_object: dbcba164a0082e3bb8c43cf21fa7f8ffb9d35dfc
  src/lib/base64.ts:
    id: "598522066688"
    last_write_checksum: sha1:8c94164f2f78e6041c853186fa01f659591f5913
    pristine_git_object: 44be0eae8246521b230e8e711a88eff738fc015d
  src/lib/config.ts:
    id: 320761608fb3
    last_write_checksum: sha1:dcb4d9750a5e6950c0a6af73c89a2e9d09a4c05c
    pristine_git_object: cd98acbb47409d570e73de473ec6c21b0235f463
  src/lib/encodings.ts:
    id: 3bd8ead98afd
    last_write_checksum: sha1:7533dcb79b22b8c84ac7b90aec94317d12bad5f8
    pristine_git_object: 194a5c58800befc83f6838020550f973eda549d9
  src/lib/env.ts:
    id: c52972a3b198
    last_write_checksum: sha1:445f7a7e08024d9d9dbc75ca1ceaa6a8a3357004
    pristine_git_object: 5250a3c1adb36dbaa956c07d0c287a1c05d455c4
  src/lib/files.ts:
    id: e5efa54fcb95
    last_write_checksum: sha1:795c14026405d547bfc47012f7ad9666e530fa7f
    pristine_git_object: 6ca6b37d35a12448da176ee2517cc036db12c81c
  src/lib/http.ts:
    id: 63a80782d37e
    last_write_checksum: sha1:a56435907625a816051aa2131d60909c59f1da27
    pristine_git_object: 6b7a6cf3e281cae246708b1aca4a27730e08fe61
  src/lib/logger.ts:
    id: 7ee7741a02bf
    last_write_checksum: sha1:0ec9d3a2a34c362746b767e4f9a746c055d57a7b
    pristine_git_object: d181f2937d4128afbe9b0327e0f81d1fa9c877b7
  src/lib/matchers.ts:
    id: d54b2253b719
    last_write_checksum: sha1:a4758b5d3c9013d05070f1f14bc143a1e8e85238
    pristine_git_object: dd7907b7d8412e8259f7c3aad7a862810099f4fb
  src/lib/primitives.ts:
    id: 74859f750b28
    last_write_checksum: sha1:fe3abb7d6b61596e346873519bcec9b2eaa61467
    pristine_git_object: 8ce65db0f7c0d6b68f5edc3ebf518121e284e954
  src/lib/retries.ts:
    id: b24a69d15639
    last_write_checksum: sha1:42c8f6cc4c875be236230a8c760f4f32d8c1ab68
    pristine_git_object: 21a647e1e9ae64817fcd63b5dd6bb5a51b63d225
  src/lib/schemas.ts:
    id: deb4b531fae1
    last_write_checksum: sha1:b4b5fd22340ebd5b2914ee7b177c797b28fba7ef
    pristine_git_object: cf280491bf54dbd4d78e5c071c3b85cf5ca9e35e
  src/lib/sdks.ts:
    id: 8a6d91f1218d
    last_write_checksum: sha1:1efce8a3e0bfa6d5478ab571b4e6b0d5b531919f
    pristine_git_object: eb270206d2a548695cff0c8222ac2c9ef8d2dceb
  src/lib/security.ts:
    id: 0502afa7922e
    last_write_checksum: sha1:ca97c73ce2da3d46ce03621b9485a96d409fe971
    pristine_git_object: 5b36fc5b9cca81db309a790a6fc37b3f712a540b
  src/lib/url.ts:
    id: b0057e24ed76
    last_write_checksum: sha1:3bceadd74bf0b31adf13eb06b7531077c3e07d65
    pristine_git_object: 79e7ce660b3732053e3adcbb5a4cdeb51496e8aa
  src/models/agent-config.ts:
    id: fdde079deb61
    last_write_checksum: sha1:8d860aa1682abbaa96e0bfbbeb3b06dd53f28dbb
    pristine_git_object: 4d21257681a8ba3b3a7007548e3c7f18ddc47f65
  src/models/agent-meta.ts:
    id: ecd162a47397
    last_write_checksum: sha1:22fbe8fb1966ba52f7115c79eeee74f97da450e0
    pristine_git_object: 7aaa247637b15d9388afca394b2df50e64afb558
  src/models/agent-revision-meta.ts:
    id: b845ac2dfc6b
    last_write_checksum: sha1:b959478ac3a53b9a32a28816f683e9177e74f3e1
    pristine_git_object: 3e1c4a81a6fb784dec73e95e5c92e26f2b4234f4
  src/models/agent-revision.ts:
    id: 5867ff118b7f
    last_write_checksum: sha1:3ab2ece8b9e37d2203ece2904f758703f12e9cbf
    pristine_git_object: dec031980512f2450816a523a408df54aa4cb9fd
  src/models/agent.ts:
    id: a498b7c4ee51
    last_write_checksum: sha1:f7df2e834e095362ccc755c1b4af3827e6716886
    pristine_git_object: f6a90a7f54da85e96d6c65f305c847003ec72655
  src/models/audit-event.ts:
    id: 596de982603f
    last_write_checksum: sha1:be17e0a5064ec4dc658c20d1850e273299c5a210
    pristine_git_object: 009fbcda8b32641e963ec61688f81689cd846c80
  src/models/create-invite-request.ts:
    id: 4c7239f9ac8e
    last_write_checksum: sha1:2bd08f258ed94b7cba2ca8a954742318525f56dd
    pristine_git_object: deb2a011fa38bd1d79f20ff0718d21f4e554fa11
  src/models/create-secret-request.ts:
    id: 503a3f5e37d3
    last_write_checksum: sha1:cf1e6bd5e5ef5163d6743da383800817544aaffa
    pristine_git_object: 5de4a70f4bf582040746a0113705a6fe30e3a131
  src/models/create-token-request.ts:
    id: 54337667004d
    last_write_checksum: sha1:8f013ce49f01114cf016520f506e78799c2f2267
    pristine_git_object: cbf6c40a58964ffbbf82f7849cefd6fd6f7b6f4a
  src/models/create-token-response.ts:
    id: d9c77a0691e9
    last_write_checksum: sha1:a6567f58b6ce804131af26ad467729014cec8540
    pristine_git_object: 3359cef14e28af623ebf056c437f11ac5903b42e
  src/models/errors/albus-default-error.ts:
    id: f3cba022ceee
    last_write_checksum: sha1:4865bb397e554ccd37a313b74bbb3485831dd9ec
    pristine_git_object: f95e46706ba7f2a80e11ad1ab4d8c28cb13f2de1
  src/models/errors/albus-error.ts:
    id: c173d862175b
    last_write_checksum: sha1:a770ad3a8899ae89d2467dd0a5bbc246a43b0b12
    pristine_git_object: a763328099fc000bd7d9bfbd22ef45fc72194341
  src/models/errors/err-bad-request.ts:
    id: a85cc26f1a21
    last_write_checksum: sha1:09238e0ef7d38366805173c480cde019c94ca731
    pristine_git_object: 32bedf0e5c6914a508ea210d3199b894a47bdba4
  src/models/errors/err-conflict.ts:
    id: ae92fe4b38b1
    last_write_checksum: sha1:cda4ea0dcaf125d60e9ce70d95fcb3002c25bb05
    pristine_git_object: 1856f4885fb0801e7f952e4429d94727258bcd63
  src/models/errors/err-locked.ts:
    id: d097123e7824
    last_write_checksum: sha1:7c303c4d640899bc76dbc22bb587df473e94dc8d
    pristine_git_object: 04d03608893ed0eb9ebf76a3dbea44221a001832
  src/models/errors/err-not-found.ts:
    id: 90c25526f3ad
    last_write_checksum: sha1:daff9bc4a336b6882ee7260b41352b28079bb558
    pristine_git_object: a4702162120f9c411f483c0addfcd76f8a7290fa
  src/models/errors/err-quota-exceeded.ts:
    id: 775cbc39acc7
    last_write_checksum: sha1:f951bac9404f139794d429203adb1caf6a2589e0
    pristine_git_object: e44d2f228955bea550f50d83e6075d4376d5fd9c
  src/models/errors/err-run-failed.ts:
    id: 60f66a574146
    last_write_checksum: sha1:aa4462ece94e96b1e54818f7851519be17117460
    pristine_git_object: 2d072febacc08c5d3743319d169e833d79d21a4d
  src/models/errors/err-timeout.ts:
    id: 13c99b8cb5b3
    last_write_checksum: sha1:31304d9b24a83be96c9525d5ca8a6a40e29bd37b
    pristine_git_object: 70add7cc833622137dfe067c12a4e3699fc69e2f
  src/models/errors/err-unauthorized.ts:
    id: a20dbe94594d
    last_write_checksum: sha1:fd04e47c63444f7a29464447a9f896a953a79295
    pristine_git_object: fb43f0b18f1cadfe72b037c113c8e4d0c4cb04d7
  src/models/errors/health-response-error.ts:
    id: 1f41206e183f
    last_write_checksum: sha1:2f58ec28aa91f21e43d8ec37033b4ae756d94e72
    pristine_git_object: 62844a81812c5460a3e28341165f6a8ff34a6019
  src/models/errors/http-client-errors.ts:
    id: 08390231aab8
    last_write_checksum: sha1:994ced121c54fecd0af038ccfb7855fbfd3868ec
    pristine_git_object: b34f612124c797c2a1106b9735708f679a90b74f
  src/models/errors/index.ts:
    id: c4e22507cb83
    last_write_checksum: sha1:e8d2f451accdfaa262bbc9a594adddf9a3a282f1
    pristine_git_object: c7e7a3599997454f4b2d59c2ef7be33d0eaecce1
  src/models/errors/response-validation-error.ts:
    id: a6ce701a9571
    last_write_checksum: sha1:ecc949fc6e62e556ee1cd9281088e52f168ebce1
    pristine_git_object: 98f9c252f7eb77c909d43c034e8215968242dbeb
  src/models/errors/sdk-validation-error.ts:
    id: 9b17e7ef247f
    last_write_checksum: sha1:92771987c251f02fd86cfd824a3be709cd3c2837
    pristine_git_object: db00022e05d55600252f401eb0e6ab46278e0b07
  src/models/health-response.ts:
    id: b46db3da75f9
    last_write_checksum: sha1:148f205032806b630cd3e5273e694785a8e33d59
    pristine_git_object: 41dbd80834bc4f2136c2d4ff7111f2bdd9961be0
  src/models/index.ts:
    id: f93644b0f37e
    last_write_checksum: sha1:507f11efa02958b1bdbfc7d0501a0dffc210a4c6
    pristine_git_object: a0ed204ba096587e72d87f7fc568247cee1d8c37
  src/models/invite.ts:
    id: 3970f8792d50
    last_write_checksum: sha1:ab21c3322915a5e58b53ae54a121a551007c9450
    pristine_git_object: 8c0a789e1d5875e043f0e6c9e20f2fa22775f92b
  src/models/list-agents-response.ts:
    id: 426253769d98
    last_write_checksum: sha1:ae744459b31ce66a423a13ef878eb808bf93415b
    pristine_git_object: 0c51a19fa9a14a36e77845b583127fc4bd9a85c1
  src/models/list-audit-events-response.ts:
    id: a98de108fa69
    last_write_checksum: sha1:17aa2ea8df0b16679cd11cb2bc0f1900f6db3d6f
    pristine_git_object: 40dbbe343fd6bf7728ca015b37b6694d10a2848f
  src/models/list-secrets-response.ts:
    id: 91ec8df3dd0d
    last_write_checksum: sha1:7e4c32b1b8b2a6c133c104364b778d3592c4d794
    pristine_git_object: 12920eb24f3c805a47e8b764691d318ab16bda6e
  src/models/list-sessions-response.ts:
    id: 87718f6ce329
    last_write_checksum: sha1:f15e26c98adf7232668cd8845424c28a84e31c06
    pristine_git_object: 552252fb325a36886d96f748d51283f20f7fe6ea
  src/models/list-tokens-response.ts:
    id: "829408655694"
    last_write_checksum: sha1:53cc5efc9dc538255e0b3ed5e2d83fd99d8b5cc9
    pristine_git_object: 6f9c3c27f4e232e22cc1432df46176aff0fec401
  src/models/mcp-server.ts:
    id: 528b7e10ddbd
    last_write_checksum: sha1:7b5c0f6ca28f6c7be817677a5604be469ada54b7
    pristine_git_object: a80fcb6e99c5a516ecb7f5a7fe5c961601b5e5a2
  src/models/model.ts:
    id: b99d4c14e794
    last_write_checksum: sha1:8e8f7f67bbd91050469b50d5eb13d2db075d30a5
    pristine_git_object: a23f0217a1649c9506249d61880c8145790808ce
  src/models/operations/delete-secret.ts:
    id: 89602205f450
    last_write_checksum: sha1:5f98c8e9f4763ffdd892e48df2c4290b294e9fa1
    pristine_git_object: 22fb1773f45dc26510ecb674b427cb7653e2b92c
  src/models/operations/delete-session.ts:
    id: af8d57b5a622
    last_write_checksum: sha1:6f0ddcf7439bf42831490f93531d0308eaa96255
    pristine_git_object: 1f1268d1b8928f3731d73d572688ac48f6a54082
  src/models/operations/delete-token.ts:
    id: 1eba2d164dfd
    last_write_checksum: sha1:1719f098207344c297e48c018567d40f11225189
    pristine_git_object: 8eacdb20ce083a6fa013eea27b0615c1be3fb531
  src/models/operations/get-agent-revision.ts:
    id: 89056d961067
    last_write_checksum: sha1:adac403a63ae7d62e587b4cac1216174e757034d
    pristine_git_object: 5b5c35cc5c1d5c8862a4a79c6c1ead6369cd1a0c
  src/models/operations/get-agent.ts:
    id: 42184f6cfa33
    last_write_checksum: sha1:a1e86b2f7d81878b9c4d457a9cd733efea2548d6
    pristine_git_object: 1b843837c611a76024a0d7b24ae00c237e3e0ee8
  src/models/operations/get-secret.ts:
    id: 20a19d66022a
    last_write_checksum: sha1:0ea994fd679bcc7c4c8a0e069cc83cfc25e74968
    pristine_git_object: d1199fcc3b662cea14a1cb2b09101ef9ace5660f
  src/models/operations/get-session-audit.ts:
    id: a0a19462d140
    last_write_checksum: sha1:9f20a18e3c136ea83a6b70ca824171b7b91fefbc
    pristine_git_object: ef13d9b5d474649f7a5ac093ac12ff51d942e30d
  src/models/operations/get-session.ts:
    id: 7cde47267b85
    last_write_checksum: sha1:72f5ca3d98698b399be2123a06b1bd6f2c02a06b
    pristine_git_object: 3d77f81397b523ff8569b3047e0141bf599cf3be
  src/models/operations/get-token.ts:
    id: 949423d0d1dd
    last_write_checksum: sha1:0324f3dcad40b4d30a01ece467465d2717cbd2a7
    pristine_git_object: 536f012120dcf06fcc8463b6f266037dd529802c
  src/models/operations/index.ts:
    id: 0d9ffaf774d2
    last_write_checksum: sha1:d5130d38c3b9f271d00c2267507e32cb62e45fe6
    pristine_git_object: 9dd69aacac1b135e179bb79e690e1357cb75ce81
  src/models/operations/run-session.ts:
    id: 0c272371d884
    last_write_checksum: sha1:7c45e38ae3cad930587908a7b0e6b5124f06cc57
    pristine_git_object: 4406d8fa0bfcd6579e1247374e21937a76c46a5a
  src/models/operations/update-secret.ts:
    id: eda05e293f36
    last_write_checksum: sha1:7c544fbfdbbbf8a79d7437dda321e06db90da44c
    pristine_git_object: 2140b0b02958277721e7b956608fbefbaff8dc73
  src/models/organization-membership.ts:
    id: 3dd06ee864c4
    last_write_checksum: sha1:569ddd621ee95c37fcc1dc8c9ecf125150f8ba83
    pristine_git_object: 348cd0d35287c2bbfd9666319cab3f721cd40b08
  src/models/provider.ts:
    id: 962a0d1d5932
    last_write_checksum: sha1:96265e75e489546319c505e233887fb1fa9f7d2b
    pristine_git_object: c018a4f5c0879f56e37cef749af610effade0aee
  src/models/run-session-request.ts:
    id: 4374ab9e4b91
    last_write_checksum: sha1:811139eebdc2b6528f6de1547706122f76428290
    pristine_git_object: 7e1f8ab08fee2c1c3cd3615686b71494488879be
  src/models/secret.ts:
    id: 950ee9162f18
    last_write_checksum: sha1:a21d2bd903dd4b619c62555b7ee1be96963f7703
    pristine_git_object: 7e9586bc306e27d9a63436f0aa7d933ed68bf8ca
  src/models/security.ts:
    id: d90c6c784ca5
    last_write_checksum: sha1:8dbce39455742888087e8e4c4ec2c3309e833b87
    pristine_git_object: 6078b5a6784aed20848bae59795931bebadf26db
  src/models/session-message.ts:
    id: 1c73c04fd0c7
    last_write_checksum: sha1:3743760148065a0201f9f7074b6ad207b558b5f5
    pristine_git_object: 42e5e13935ce66b8ac220279bb81fd4b21f1098c
  src/models/session-response.ts:
    id: 7289a414e0fe
    last_write_checksum: sha1:ddc9d9219fc27da6c51440cfb5174f59a5f5d60c
    pristine_git_object: 1dbb2502e82198417ba88a0e4ef396806304574a
  src/models/session.ts:
    id: 20de3cb3a5bb
    last_write_checksum: sha1:6384b97273e221afcc634505b1a207621eeb47ca
    pristine_git_object: fa227ce0956bbb30d9777f29f8dc089909ef9cf4
  src/models/token.ts:
    id: cf69c3d2e7c9
    last_write_checksum: sha1:82eff85c4733aa0929b01d1117405dfc441cc919
    pristine_git_object: 7766b497b244758334e1fad77f4930937096f443
  src/models/update-secret-request.ts:
    id: 3dd7f61bd9a7
    last_write_checksum: sha1:1dd0e70f6c89597a4cee95478f8fac7083c85060
    pristine_git_object: b4333d935d12e7558e88f1c208377c5967001646
  src/models/whoami-response.ts:
    id: cdf993c5e6d2
    last_write_checksum: sha1:ca4ef5cb7600b2660d2b3e41308611d8f11b9836
    pristine_git_object: 06b8a9bf2f80067bd40aac3914280c7f58ac0463
  src/sdk/agents.ts:
    id: a103cd018c9b
    last_write_checksum: sha1:af7ace677be2c16cad8d0c967532269b4aed535d
    pristine_git_object: 3134b428b95708424cfd387965bebbf845fcced1
  src/sdk/auth.ts:
    id: b29b1fc6bdf5
    last_write_checksum: sha1:0a2bcefbc2674c6e1a8eea59cd50c859159dfd96
    pristine_git_object: ca36ccb2f5e8da8544c2d2c47f1d5ce19d49e563
  src/sdk/health.ts:
    id: d2e0a0845caf
    last_write_checksum: sha1:0dbf499cb590ed94687959792c9d48e03d669130
    pristine_git_object: d84f564ff3116527070808ab05133e264fa275e4
  src/sdk/index.ts:
    id: a857902a703f
    last_write_checksum: sha1:ed6d64f2a6135349aa8498b8d8cff9ba85c7fb8f
    pristine_git_object: ecac2264817bb369ff2dbf0f0e9029807e67ff77
  src/sdk/invites.ts:
    id: 6f3521380bb1
    last_write_checksum: sha1:220387d25a2cbc97a404be7a240c9091824b944b
    pristine_git_object: 57a5d181afbd646ad94382078cbad541d9f8a836
  src/sdk/sdk.ts:
    id: 784571af2f69
    last_write_checksum: sha1:840d4ae42f2a437a0b38ad4651c21befa663a2c1
    pristine_git_object: c19d40a258b619c7e3019cea05433c812e1e2715
  src/sdk/secrets.ts:
    id: 38d4c76a4493
    last_write_checksum: sha1:366e34cab8de8de69591f217b5464fdd9bcc9c0e
    pristine_git_object: 1287b718efb3be9285118993fb7cd08a4c32f41d
  src/sdk/sessions.ts:
    id: 8dd1c8430722
    last_write_checksum: sha1:1691349c7e5fafd9b2d6437e862d1bbbbc5f5174
    pristine_git_object: ea428230458699cfc40100713a9bc118d021da85
  src/sdk/tokens.ts:
    id: f233e5cd99ad
    last_write_checksum: sha1:c4f1e5d311a3aa68c15c68f93884fa5ff02ba3d6
    pristine_git_object: b34415a5bbc9a13f243f41473185836e80858c6e
  src/types/async.ts:
    id: fac8da972f86
    last_write_checksum: sha1:675d04bb4b4081dc3482f18de98674f9b446e7b4
    pristine_git_object: 1543b95cf7be9b5a871d7395f259dbd65331dc21
  src/types/blobs.ts:
    id: f8ab9b326c86
    last_write_checksum: sha1:fd681458b532138913c372b05b3e16407abaa7a1
    pristine_git_object: 3deb988d444f7d202eda723492d7c1d76c5c208d
  src/types/const-date-time.ts:
    id: b3487d7170f2
    last_write_checksum: sha1:ce05316b31b373401875d5e962d63d2422e09cf2
    pristine_git_object: 586ee46aa2273cdf680bb542b4ef5dd953a48a08
  src/types/default-to-zero-value.ts:
    id: 6e0f763ae8c8
    last_write_checksum: sha1:2820c0bc8e71d475e79cc6b6947ca18d93f6310c
    pristine_git_object: c4cad53db08687649a55c711c4f4b3a29f7b7d24
  src/types/enums.ts:
    id: 4d03ddfe5100
    last_write_checksum: sha1:d7d0ffad0c128a11c5feb1f0ae8f3b507ee03c14
    pristine_git_object: a523bdde4b5b8144cf26414e32fc2319f2c466fa
  src/types/fp.ts:
    id: ae9f0fb8aab6
    last_write_checksum: sha1:d24994d58f37a1ca106847fcc6d2e976c6f1c093
    pristine_git_object: ccbe51eac69dfb0da5131f14fd753c4b47c1d527
  src/types/index.ts:
    id: cd7a0a5ed005
    last_write_checksum: sha1:a591fec0ad2231615101ebb6a95cc4d043733a6c
    pristine_git_object: d75cb43bf5811991f96203650c264af2b4c78b41
  src/types/operations.ts:
    id: 314da01dca47
    last_write_checksum: sha1:c49e724cfb1259296381cb57bc0fcdd2eae45865
    pristine_git_object: beb81e10f0b9eee2ed398a853fe6f737b743f818
  src/types/primitives.ts:
    id: 0cd7f4ac625d
    last_write_checksum: sha1:a521a09fa18b1af857d29477d3aa7007b42583ed
    pristine_git_object: 5c4e93d2030e8b820b6d8f060a275502a66c1a87
  src/types/rfcdate.ts:
    id: 9eb64906dcd6
    last_write_checksum: sha1:8e5f382e02fe21c2f2e24deb1b7bbf8cddd3dd16
    pristine_git_object: c79b3f53a3dd922aa2ace5a4191c8652cf9a8e89
  src/types/smart-union.ts:
    id: 2e3af2ad4ea7
    last_write_checksum: sha1:9928dbec2d8ad501da8518c10ec6df3b441eb5c9
    pristine_git_object: a9db55cfc1d1cbdcc480dfa5eeead3ee526d6953
  src/types/streams.ts:
    id: f99be9c4bf14
    last_write_checksum: sha1:cc9ced2dd34a76c3a1bd7784ccda1cc3b37ab9a9
    pristine_git_object: a0163e7a99cea88f21d0ad4ce3af1c720180ee20
  src/types/unrecognized.ts:
    id: 476605c40716
    last_write_checksum: sha1:d33ac686528492f4cdc0dbf81ed343b4afe020fe
    pristine_git_object: b7a2a13f3dff50663429df24ae2f55b647ff1084
  tsconfig.json:
    id: 61ebb9fd6e8c
    last_write_checksum: sha1:4f9c4daf3281a9be06591b2814e5bbcf98b5c803
    pristine_git_object: e6cd950ad724815ee1ed48ef2e52389cbd3a9143
examples:
  createInvite:
    speakeasy-default-create-invite:
      requestBody:
        application/json: {"email": "Cassie27@hotmail.com"}
      responses:
        "200":
          application/json: {"id": "<id>", "email": "Coleman.Wisozk16@hotmail.com", "role": "<value>"}
        "400":
          application/json: {"message": "Invalid request parameters"}
        "401":
          application/json: {"message": "Invalid or expired token"}
        "409":
          application/json: {"message": "Idempotency key reused with a different request body"}
  createSecret:
    speakeasy-default-create-secret:
      requestBody:
        application/json: {"name": "<value>", "value": "<value>"}
      responses:
        "200":
          application/json: {"name": "<value>", "masked_value": "<value>"}
        "400":
          application/json: {"message": "Invalid request parameters"}
        "401":
          application/json: {"message": "Invalid or expired token"}
  createToken:
    speakeasy-default-create-token:
      requestBody:
        application/json: {"name": "<value>"}
      responses:
        "200":
          application/json: {"id": "<id>", "name": "<value>", "token": "<value>", "created_at": "2026-03-08T22:40:46.047Z"}
        "401":
          application/json: {"message": "Invalid or expired token"}
  deleteSecret:
    speakeasy-default-delete-secret:
      parameters:
        path:
          name: "<value>"
      responses:
        "401":
          application/json: {"message": "Invalid or expired token"}
        "404":
          application/json: {"message": "Resource not found"}
  deleteSession:
    speakeasy-default-delete-session:
      parameters:
        path:
          id: "<id>"
      responses:
        "401":
          application/json: {"message": "Invalid or expired token"}
        "404":
          application/json: {"message": "Resource not found"}
  deleteToken:
    speakeasy-default-delete-token:
      parameters:
        path:
          id: "<id>"
      responses:
        "401":
          application/json: {"message": "Invalid or expired token"}
        "404":
          application/json: {"message": "Resource not found"}
  getAgent:
    speakeasy-default-get-agent:
      parameters:
        path:
          name: "<value>"
      responses:
        "200":
          application/json: {"name": "<value>", "current": {"revision": "<value>", "created_at": "2026-11-21T21:06:04.859Z", "config": {"model": {"name": "<value>"}}}, "revisions": []}
        "401":
          application/json: {"message": "Invalid or expired token"}
        "404":
          application/json: {"message": "Resource not found"}
  getAgentRevision:
    speakeasy-default-get-agent-revision:
      parameters:
        path:
          name: "<value>"
          revision: "<value>"
      responses:
        "200":
          application/json: {"revision": "<value>", "created_at": "2024-05-31T07:04:28.146Z", "config": {"model": {"name": "<value>"}}}
        "401":
          application/json: {"message": "Invalid or expired token"}
        "404":
          application/json: {"message": "Resource not found"}
  getSecret:
    speakeasy-default-get-secret:
      parameters:
        path:
          name: "<value>"
      responses:
        "200":
          application/json: {"name": "<value>", "masked_value": "<value>"}
        "401":
          application/json: {"message": "Invalid or expired token"}
        "404":
          application/json: {"message": "Resource not found"}
  getSession:
    speakeasy-default-get-session:
      parameters:
        path:
          id: "<id>"
        query:
          limit: 100
      responses:
        "200":
          application/json: {"session": {"id": "<id>", "state": "DONE", "invocation_count": 387834, "created_at": "2025-03-23T00:23:31.920Z", "updated_at": "2024-03-05T12:05:29.064Z"}, "messages": [{"cursor": 306630, "invocation_id": "<id>", "role": "assistant", "content": "<value>", "created_at": "2026-07-14T01:36:37.320Z"}]}
        "400":
          application/json: {"message": "Invalid request parameters"}
        "401":
          application/json: {"message": "Invalid or expired token"}
        "404":
          application/json: {"message": "Resource not found"}
  getSessionAudit:
    speakeasy-default-get-session-audit:
      parameters:
        path:
          id: "<id>"
        query:
          limit: 100
      responses:
        "200":
          application/json: {"events": []}
        "400":
          application/json: {"message": "Invalid request parameters"}
        "401":
          application/json: {"message": "Invalid or expired token"}
        "404":
          application/json: {"message": "Resource not found"}
  getToken:
    speakeasy-default-get-token:
      parameters:
        path:
          id: "<id>"
      responses:
        "200":
          application/json: {"id": "<id>", "name": "<value>", "created_at": "2026-02-08T05:00:37.308Z"}
        "401":
          application/json: {"message": "Invalid or expired token"}
        "404":
          application/json: {"message": "Resource not found"}
  health:
    speakeasy-default-health:
      responses:
        "200":
          application/json: {"status": "ok"}
        "503":
          application/json: {"status": "ok"}
  listAgents:
    speakeasy-default-list-agents:
      responses:
        "200":
          application/json: {"agents": [{"name": "<value>", "revision_count": 754726, "created_at": "2026-06-09T00:14:53.661Z", "updated_at": "2024-03-01T09:37:09.086Z"}]}
        "401":
          application/json: {"message": "Invalid or expired token"}
  listSecrets:
    speakeasy-default-list-secrets:
      responses:
        "200":
          application/json: {"secrets": []}
        "401":
          application/json: {"message": "Invalid or expired token"}
  listSessions:
    speakeasy-default-list-sessions:
      responses:
        "200":
          application/json: {"sessions": []}
        "401":
          application/json: {"message": "Invalid or expired token"}
  listTokens:
    speakeasy-default-list-tokens:
      responses:
        "200":
          application/json: {"tokens": []}
        "401":
          application/json: {"message": "Invalid or expired token"}
  runSession:
    speakeasy-default-run-session:
      parameters:
        path:
          id: "<id>"
        query:
          wait: false
      requestBody:
        application/json: {"user_prompt": "<value>", "agent_name": "<value>", "agent": {"model": {"name": "<value>"}}}
      responses:
        "200":
          application/json: {"session": {"id": "<id>", "state": "DONE", "invocation_count": 294899, "created_at": "2025-01-26T10:25:56.842Z", "updated_at": "2024-02-20T21:57:26.154Z"}, "messages": [{"cursor": 799275, "invocation_id": "<id>", "role": "assistant", "content": "<value>", "created_at": "2026-11-12T05:42:31.250Z"}]}
        "400":
          application/json: {"message": "Invalid request parameters"}
        "401":
          application/json: {"message": "Invalid or expired token"}
        "409":
          application/json: {"message": "Idempotency key reused with a different request body"}
        "423":
          application/json: {"message": "Another invocation is currently running for this session"}
        "502":
          application/json: {"message": "harness run failed (crash): signal 9", "kind": "crash"}
        "504":
          application/json: {"message": "Timed out waiting for the assistant response"}
        "429":
          application/json: {"message": "organization invocation quota exceeded"}
  updateSecret:
    speakeasy-default-update-secret:
      parameters:
        path:
          name: "<value>"
      requestBody:
        application/json: {"value": "<value>"}
      responses:
        "200":
          application/json: {"name": "<value>", "masked_value": "<value>"}
        "400":
          application/json: {"message": "Invalid request parameters"}
        "401":
          application/json: {"message": "Invalid or expired token"}
        "404":
          application/json: {"message": "Resource not found"}
  whoami:
    speakeasy-default-whoami:
      responses:
        "200":
          application/json: {"user_id": "user_123", "email": "user@example.com", "name": "John Doe", "roles": ["admin", "user"], "active_organization": {"id": "42", "name": "Acme Corp", "roles": ["admin"]}, "organizations": []}
        "401":
          application/json: {"message": "Invalid or expired token"}
examplesVersion: 1.0.2
